
Microsoft Visual Studio Solution File, Format Version 12.00
# Visual Studio Version 16
VisualStudioVersion = 25.0.1700.0
MinimumVisualStudioVersion = 10.0.40219.1
Project("{FAE04EC0-301F-11D3-BF4B-00C04F79EFBC}") = "NetCoreWebApi", "NetCoreWebApi\NetCoreWebApi.csproj", "{AD29CA39-4708-4634-85B5-9176176A7D00}"
EndProject
Global
	GlobalSection(SolutionConfigurationPlatforms) = preSolution
		Debug|Any CPU = Debug|Any CPU
		Release|Any CPU = Release|Any CPU
	EndGlobalSection
	GlobalSection(ProjectConfigurationPlatforms) = postSolution
		{AD29CA39-4708-4634-85B5-9176176A7D00}.Debug|Any CPU.ActiveCfg = Debug|Any CPU
		{AD29CA39-4708-4634-85B5-9176176A7D00}.Debug|Any CPU.Build.0 = Debug|Any CPU
		{AD29CA39-4708-4634-85B5-9176176A7D00}.Release|Any CPU.ActiveCfg = Release|Any CPU
		{AD29CA39-4708-4634-85B5-9176176A7D00}.Release|Any CPU.Build.0 = Release|Any CPU
	EndGlobalSection
	GlobalSection(SolutionProperties) = preSolution
		HideSolutionNode = FALSE
	EndGlobalSection
	GlobalSection(ExtensibilityGlobals) = postSolution
		SolutionGuid = {48F1E41E-EADE-4BF0-BAC0-1408C42832ED}
	EndGlobalSection
EndGlobal
